
Microsoft Visual Studio Solution File, Format Version 12.00
# Visual Studio Version 17
VisualStudioVersion = 17.3.32825.248
MinimumVisualStudioVersion = 10.0.40219.1
Project("{FAE04EC0-301F-11D3-BF4B-00C04F79EFBC}") = "Assignment13sept2", "Assignment13sept2.csproj", "{0DAEF36F-097B-4661-B5BA-9EB3BC2FDE0E}"
EndProject
Global
	GlobalSection(SolutionConfigurationPlatforms) = preSolution
		Debug|Any CPU = Debug|Any CPU
		Release|Any CPU = Release|Any CPU
	EndGlobalSection
	GlobalSection(ProjectConfigurationPlatforms) = postSolution
		{0DAEF36F-097B-4661-B5BA-9EB3BC2FDE0E}.Debug|Any CPU.ActiveCfg = Debug|Any CPU
		{0DAEF36F-097B-4661-B5BA-9EB3BC2FDE0E}.Debug|Any CPU.Build.0 = Debug|Any CPU
		{0DAEF36F-097B-4661-B5BA-9EB3BC2FDE0E}.Release|Any CPU.ActiveCfg = Release|Any CPU
		{0DAEF36F-097B-4661-B5BA-9EB3BC2FDE0E}.Release|Any CPU.Build.0 = Release|Any CPU
	EndGlobalSection
	GlobalSection(SolutionProperties) = preSolution
		HideSolutionNode = FALSE
	EndGlobalSection
	GlobalSection(ExtensibilityGlobals) = postSolution
		SolutionGuid = {8F9A9B60-FF56-4C18-B329-2D0CBD5B85DC}
	EndGlobalSection
EndGlobal
